
Microsoft Visual Studio Solution File, Format Version 12.00
# Visual Studio Version 17
VisualStudioVersion = 17.11.35327.3
MinimumVisualStudioVersion = 10.0.40219.1
Project("{FAE04EC0-301F-11D3-BF4B-00C04F79EFBC}") = "MaltemBe", "MaltemBe.csproj", "{2FE7C352-9B31-4D3A-BD58-E5716042B3CE}"
EndProject
Global
	GlobalSection(SolutionConfigurationPlatforms) = preSolution
		Debug|Any CPU = Debug|Any CPU
		Release|Any CPU = Release|Any CPU
	EndGlobalSection
	GlobalSection(ProjectConfigurationPlatforms) = postSolution
		{2FE7C352-9B31-4D3A-BD58-E5716042B3CE}.Debug|Any CPU.ActiveCfg = Debug|Any CPU
		{2FE7C352-9B31-4D3A-BD58-E5716042B3CE}.Debug|Any CPU.Build.0 = Debug|Any CPU
		{2FE7C352-9B31-4D3A-BD58-E5716042B3CE}.Release|Any CPU.ActiveCfg = Release|Any CPU
		{2FE7C352-9B31-4D3A-BD58-E5716042B3CE}.Release|Any CPU.Build.0 = Release|Any CPU
	EndGlobalSection
	GlobalSection(SolutionProperties) = preSolution
		HideSolutionNode = FALSE
	EndGlobalSection
	GlobalSection(ExtensibilityGlobals) = postSolution
		SolutionGuid = {58DB7FBA-E772-4CB6-B126-2961701ECF01}
	EndGlobalSection
EndGlobal
